
Microsoft Visual Studio Solution File, Format Version 12.00
# Visual Studio 2013
VisualStudioVersion = 12.0.40629.0
MinimumVisualStudioVersion = 10.0.40219.1
Project("{FAE04EC0-301F-11D3-BF4B-00C04F79EFBC}") = "MyExample", "MyExample\MyExample.csproj", "{16AA9B33-C137-4300-B3BE-D2D1FF982B7E}"
EndProject
Project("{2150E333-8FDC-42A3-9474-1A3956D46DE8}") = "PublishScripts", "PublishScripts", "{042A239C-104A-4946-86EE-928D9F349078}"
EndProject
Project("{2150E333-8FDC-42A3-9474-1A3956D46DE8}") = "Scripts", "Scripts", "{91FB1E17-90BC-43FC-870B-C55300BE1EDE}"
	ProjectSection(SolutionItems) = preProject
		PublishScripts\Scripts\Deploy-AzureResourceGroup.ps1 = PublishScripts\Scripts\Deploy-AzureResourceGroup.ps1
	EndProjectSection
EndProject
Project("{2150E333-8FDC-42A3-9474-1A3956D46DE8}") = "Templates", "Templates", "{77FFBED9-3842-4C6F-9BB4-1954A9287CD2}"
	ProjectSection(SolutionItems) = preProject
		PublishScripts\Templates\MyExample.json = PublishScripts\Templates\MyExample.json
		PublishScripts\Templates\MyExample.param.dev.json = PublishScripts\Templates\MyExample.param.dev.json
	EndProjectSection
EndProject
Global
	GlobalSection(SolutionConfigurationPlatforms) = preSolution
		Debug|Any CPU = Debug|Any CPU
		Release|Any CPU = Release|Any CPU
	EndGlobalSection
	GlobalSection(ProjectConfigurationPlatforms) = postSolution
		{16AA9B33-C137-4300-B3BE-D2D1FF982B7E}.Debug|Any CPU.ActiveCfg = Debug|Any CPU
		{16AA9B33-C137-4300-B3BE-D2D1FF982B7E}.Debug|Any CPU.Build.0 = Debug|Any CPU
		{16AA9B33-C137-4300-B3BE-D2D1FF982B7E}.Release|Any CPU.ActiveCfg = Release|Any CPU
		{16AA9B33-C137-4300-B3BE-D2D1FF982B7E}.Release|Any CPU.Build.0 = Release|Any CPU
	EndGlobalSection
	GlobalSection(SolutionProperties) = preSolution
		HideSolutionNode = FALSE
	EndGlobalSection
	GlobalSection(NestedProjects) = preSolution
		{91FB1E17-90BC-43FC-870B-C55300BE1EDE} = {042A239C-104A-4946-86EE-928D9F349078}
		{77FFBED9-3842-4C6F-9BB4-1954A9287CD2} = {042A239C-104A-4946-86EE-928D9F349078}
	EndGlobalSection
EndGlobal
